
Microsoft Visual Studio Solution File, Format Version 12.00
# Visual Studio Version 17
VisualStudioVersion = 17.9.34723.18
MinimumVisualStudioVersion = 10.0.40219.1
Project("{FAE04EC0-301F-11D3-BF4B-00C04F79EFBC}") = "Peanatsworks", "Peanatsworks\Peanatsworks.csproj", "{A2DD07FB-5E05-4F7E-AB33-8C94783AF8ED}"
EndProject
Global
	GlobalSection(SolutionConfigurationPlatforms) = preSolution
		Debug|Any CPU = Debug|Any CPU
		Release|Any CPU = Release|Any CPU
	EndGlobalSection
	GlobalSection(ProjectConfigurationPlatforms) = postSolution
		{A2DD07FB-5E05-4F7E-AB33-8C94783AF8ED}.Debug|Any CPU.ActiveCfg = Debug|Any CPU
		{A2DD07FB-5E05-4F7E-AB33-8C94783AF8ED}.Debug|Any CPU.Build.0 = Debug|Any CPU
		{A2DD07FB-5E05-4F7E-AB33-8C94783AF8ED}.Release|Any CPU.ActiveCfg = Release|Any CPU
		{A2DD07FB-5E05-4F7E-AB33-8C94783AF8ED}.Release|Any CPU.Build.0 = Release|Any CPU
	EndGlobalSection
	GlobalSection(SolutionProperties) = preSolution
		HideSolutionNode = FALSE
	EndGlobalSection
	GlobalSection(ExtensibilityGlobals) = postSolution
		SolutionGuid = {F7B2EAEA-13F8-4376-824C-F82BF8BF0A3A}
	EndGlobalSection
EndGlobal
